<?xml version="1.0" encoding="utf-8"?>
<Project ToolsVersion="4.0" xmlns="http://schemas.microsoft.com/developer/msbuild/2003">
  <ItemGroup>
    <ClInclude Include="stdafx.h" />
    <ClInclude Include="TestingUtils.h" />
    <ClInclude Include="MatrixUtils.h">
      <Filter>Preconditioning</Filter>
    </ClInclude>
  </ItemGroup>
  <ItemGroup>
    <ClCompile Include="stdafx.cpp" />
    <ClCompile Include="CameraModel3DoFTest.cpp">
      <Filter>CameraModels</Filter>
    </ClCompile>
    <ClCompile Include="RodriguesRotationTest.cpp">
      <Filter>CameraModels</Filter>
    </ClCompile>
    <ClCompile Include="JacobiPreconditionerTest.cpp">
      <Filter>Preconditioning</Filter>
    </ClCompile>
    <ClCompile Include="unittest1.cpp">
      <Filter>Preconditioning</Filter>
    </ClCompile>
    <ClCompile Include="MatrixBenchmark.cpp">
      <Filter>Benchmarks</Filter>
    </ClCompile>
    <ClCompile Include="CameraModel6DoFTest.cpp">
      <Filter>CameraModels</Filter>
    </ClCompile>
    <ClCompile Include="BasicJacobiProviderTest.cpp">
      <Filter>JacobianAndHessian</Filter>
    </ClCompile>
  </ItemGroup>
  <ItemGroup>
    <Filter Include="CameraModels">
      <UniqueIdentifier>{244806d2-d674-4d65-a9c6-0b19c37aef66}</UniqueIdentifier>
    </Filter>
    <Filter Include="Preconditioning">
      <UniqueIdentifier>{1b3a35a2-895c-40b0-97b8-07513816365c}</UniqueIdentifier>
    </Filter>
    <Filter Include="Benchmarks">
      <UniqueIdentifier>{aa1a05b4-3d79-4d86-882b-d8895528a31e}</UniqueIdentifier>
    </Filter>
    <Filter Include="JacobianAndHessian">
      <UniqueIdentifier>{7adca1b1-3ac2-461b-8b86-7f99e7a171af}</UniqueIdentifier>
    </Filter>
  </ItemGroup>
  <ItemGroup>
    <Text Include="testMatrices.txt">
      <Filter>Preconditioning</Filter>
    </Text>
  </ItemGroup>
</Project>