<?xml version="1.0" encoding="utf-8"?>
<Project ToolsVersion="4.0" xmlns="http://schemas.microsoft.com/developer/msbuild/2003">
  <ItemGroup>
    <ClInclude Include="stdafx.h" />
    <ClInclude Include="BundlerDefs.h" />
    <ClInclude Include="BundleImporter.h">
      <Filter>Import</Filter>
    </ClInclude>
    <ClInclude Include="ICameraModel.h">
      <Filter>CameraModels</Filter>
    </ClInclude>
    <ClInclude Include="NumericTypes.h" />
    <ClInclude Include="BundlerLib.h" />
    <ClInclude Include="CameraModel3DoF.h">
      <Filter>CameraModels</Filter>
    </ClInclude>
    <ClInclude Include="Bundler.h">
      <Filter>OldPrototype</Filter>
    </ClInclude>
    <ClInclude Include="ReprojectionResiudal.h">
      <Filter>OldPrototype</Filter>
    </ClInclude>
    <ClInclude Include="BasicCameraModel.h">
      <Filter>CameraModels</Filter>
    </ClInclude>
    <ClInclude Include="RodriguesRotation.h">
      <Filter>CameraModels\Rotation</Filter>
    </ClInclude>
    <ClInclude Include="CameraModel6DoF.h">
      <Filter>CameraModels</Filter>
    </ClInclude>
    <ClInclude Include="PCGSolver.h">
      <Filter>LinearSolver</Filter>
    </ClInclude>
    <ClInclude Include="HessianBlockProvider.h">
      <Filter>JacobianAndHessian</Filter>
    </ClInclude>
    <ClInclude Include="HessianMultiplicationEngine.h">
      <Filter>JacobianAndHessian</Filter>
    </ClInclude>
    <ClInclude Include="ProjectionProvider.h">
      <Filter>JacobianAndHessian</Filter>
    </ClInclude>
    <ClInclude Include="BundleStructureMapping.h">
      <Filter>JacobianAndHessian</Filter>
    </ClInclude>
    <ClInclude Include="PCGStructs.h">
      <Filter>LinearSolver</Filter>
    </ClInclude>
    <ClInclude Include="BundlerUtils.h" />
    <ClInclude Include="Preconditioner.h">
      <Filter>LinearSolver\Preconditioning</Filter>
    </ClInclude>
    <ClInclude Include="JacobiPreconditioner.h">
      <Filter>LinearSolver\Preconditioning</Filter>
    </ClInclude>
    <ClInclude Include="CachedJacobiPreconditioner.h">
      <Filter>LinearSolver\Preconditioning</Filter>
    </ClInclude>
    <ClInclude Include="TextStreamReader.h">
      <Filter>Import</Filter>
    </ClInclude>
    <ClInclude Include="IBundleImportWorker.h">
      <Filter>Import\Workers</Filter>
    </ClInclude>
    <ClInclude Include="SnavelyBundleImportWorker.h">
      <Filter>Import\Workers</Filter>
    </ClInclude>
  </ItemGroup>
  <ItemGroup>
    <ClCompile Include="stdafx.cpp" />
    <ClCompile Include="BundleImporter.cpp">
      <Filter>Import</Filter>
    </ClCompile>
    <ClCompile Include="CameraModel3DoF.cpp">
      <Filter>CameraModels</Filter>
    </ClCompile>
    <ClCompile Include="Bundler.cpp">
      <Filter>OldPrototype</Filter>
    </ClCompile>
    <ClCompile Include="ReprojectionResiudal.cpp">
      <Filter>OldPrototype</Filter>
    </ClCompile>
    <ClCompile Include="SnavelyBundleImportWorker.cpp">
      <Filter>Import\Workers</Filter>
    </ClCompile>
  </ItemGroup>
  <ItemGroup>
    <Filter Include="Import">
      <UniqueIdentifier>{0131a06b-055f-4be4-b20f-b29dfb61c680}</UniqueIdentifier>
    </Filter>
    <Filter Include="CameraModels">
      <UniqueIdentifier>{3137011a-9286-4f8d-9bff-aa74b6a177e0}</UniqueIdentifier>
    </Filter>
    <Filter Include="OldPrototype">
      <UniqueIdentifier>{3b4db40f-38c9-463d-8484-6683bbbe0547}</UniqueIdentifier>
    </Filter>
    <Filter Include="CameraModels\Rotation">
      <UniqueIdentifier>{5c020c72-9be5-47ff-97a9-64c49a7f3d61}</UniqueIdentifier>
    </Filter>
    <Filter Include="JacobianAndHessian">
      <UniqueIdentifier>{ccd2c308-9179-4462-9e03-20a205616903}</UniqueIdentifier>
    </Filter>
    <Filter Include="LinearSolver">
      <UniqueIdentifier>{b41c4c52-00db-4ade-ab71-03dcf24253f4}</UniqueIdentifier>
    </Filter>
    <Filter Include="LinearSolver\Preconditioning">
      <UniqueIdentifier>{7aae04f3-8a23-4ee9-b5dd-c58a1f6cbf96}</UniqueIdentifier>
    </Filter>
    <Filter Include="Import\Workers">
      <UniqueIdentifier>{03b00418-b1d2-439a-99d9-631912a93353}</UniqueIdentifier>
    </Filter>
  </ItemGroup>
</Project>